
Microsoft Visual Studio Solution File, Format Version 12.00
# Visual Studio 15
VisualStudioVersion = 15.0.28010.2046
MinimumVisualStudioVersion = 10.0.40219.1
Project("{FAE04EC0-301F-11D3-BF4B-00C04F79EFBC}") = "NottCS", "NottCS\NottCS\NottCS.csproj", "{521BD5D5-A1E8-44A7-A0D6-7FDC10E5EA3E}"
EndProject
Project("{FAE04EC0-301F-11D3-BF4B-00C04F79EFBC}") = "NottCS.iOS", "NottCS\NottCS.iOS\NottCS.iOS.csproj", "{B91178B4-44AB-4565-A47A-F0F954893CD2}"
EndProject
Project("{9344BDBB-3E7F-41FC-A0DD-8665D75EE146}") = "NottCS.Android", "NottCS\NottCS.Android\NottCS.Android.csproj", "{C0E16F28-A394-4118-BC81-C4BC767B32FC}"
EndProject
Project("{9344BDBB-3E7F-41FC-A0DD-8665D75EE146}") = "NottCS.UWP", "NottCS\NottCS.UWP\NottCS.UWP.csproj", "{FD152B11-5B90-42EE-BC0D-CEF4DECC2ECA}"
EndProject
Global
	GlobalSection(SolutionConfigurationPlatforms) = preSolution
		Debug|Any CPU = Debug|Any CPU
		Debug|ARM = Debug|ARM
		Debug|iPhone = Debug|iPhone
		Debug|iPhoneSimulator = Debug|iPhoneSimulator
		Debug|x64 = Debug|x64
		Debug|x86 = Debug|x86
		Release|Any CPU = Release|Any CPU
		Release|ARM = Release|ARM
		Release|iPhone = Release|iPhone
		Release|iPhoneSimulator = Release|iPhoneSimulator
		Release|x64 = Release|x64
		Release|x86 = Release|x86
	EndGlobalSection
	GlobalSection(ProjectConfigurationPlatforms) = postSolution
		{521BD5D5-A1E8-44A7-A0D6-7FDC10E5EA3E}.Debug|Any CPU.ActiveCfg = Debug|Any CPU
		{521BD5D5-A1E8-44A7-A0D6-7FDC10E5EA3E}.Debug|Any CPU.Build.0 = Debug|Any CPU
		{521BD5D5-A1E8-44A7-A0D6-7FDC10E5EA3E}.Debug|ARM.ActiveCfg = Debug|Any CPU
		{521BD5D5-A1E8-44A7-A0D6-7FDC10E5EA3E}.Debug|ARM.Build.0 = Debug|Any CPU
		{521BD5D5-A1E8-44A7-A0D6-7FDC10E5EA3E}.Debug|iPhone.ActiveCfg = Debug|Any CPU
		{521BD5D5-A1E8-44A7-A0D6-7FDC10E5EA3E}.Debug|iPhone.Build.0 = Debug|Any CPU
		{521BD5D5-A1E8-44A7-A0D6-7FDC10E5EA3E}.Debug|iPhoneSimulator.ActiveCfg = Debug|Any CPU
		{521BD5D5-A1E8-44A7-A0D6-7FDC10E5EA3E}.Debug|iPhoneSimulator.Build.0 = Debug|Any CPU
		{521BD5D5-A1E8-44A7-A0D6-7FDC10E5EA3E}.Debug|x64.ActiveCfg = Debug|Any CPU
		{521BD5D5-A1E8-44A7-A0D6-7FDC10E5EA3E}.Debug|x64.Build.0 = Debug|Any CPU
		{521BD5D5-A1E8-44A7-A0D6-7FDC10E5EA3E}.Debug|x86.ActiveCfg = Debug|Any CPU
		{521BD5D5-A1E8-44A7-A0D6-7FDC10E5EA3E}.Debug|x86.Build.0 = Debug|Any CPU
		{521BD5D5-A1E8-44A7-A0D6-7FDC10E5EA3E}.Release|Any CPU.ActiveCfg = Release|Any CPU
		{521BD5D5-A1E8-44A7-A0D6-7FDC10E5EA3E}.Release|Any CPU.Build.0 = Release|Any CPU
		{521BD5D5-A1E8-44A7-A0D6-7FDC10E5EA3E}.Release|ARM.ActiveCfg = Release|Any CPU
		{521BD5D5-A1E8-44A7-A0D6-7FDC10E5EA3E}.Release|ARM.Build.0 = Release|Any CPU
		{521BD5D5-A1E8-44A7-A0D6-7FDC10E5EA3E}.Release|iPhone.ActiveCfg = Release|Any CPU
		{521BD5D5-A1E8-44A7-A0D6-7FDC10E5EA3E}.Release|iPhone.Build.0 = Release|Any CPU
		{521BD5D5-A1E8-44A7-A0D6-7FDC10E5EA3E}.Release|iPhoneSimulator.ActiveCfg = Release|Any CPU
		{521BD5D5-A1E8-44A7-A0D6-7FDC10E5EA3E}.Release|iPhoneSimulator.Build.0 = Release|Any CPU
		{521BD5D5-A1E8-44A7-A0D6-7FDC10E5EA3E}.Release|x64.ActiveCfg = Release|Any CPU
		{521BD5D5-A1E8-44A7-A0D6-7FDC10E5EA3E}.Release|x64.Build.0 = Release|Any CPU
		{521BD5D5-A1E8-44A7-A0D6-7FDC10E5EA3E}.Release|x86.ActiveCfg = Release|Any CPU
		{521BD5D5-A1E8-44A7-A0D6-7FDC10E5EA3E}.Release|x86.Build.0 = Release|Any CPU
		{B91178B4-44AB-4565-A47A-F0F954893CD2}.Debug|Any CPU.ActiveCfg = Debug|iPhone
		{B91178B4-44AB-4565-A47A-F0F954893CD2}.Debug|ARM.ActiveCfg = Debug|iPhone
		{B91178B4-44AB-4565-A47A-F0F954893CD2}.Debug|iPhone.ActiveCfg = Debug|iPhone
		{B91178B4-44AB-4565-A47A-F0F954893CD2}.Debug|iPhone.Build.0 = Debug|iPhone
		{B91178B4-44AB-4565-A47A-F0F954893CD2}.Debug|iPhoneSimulator.ActiveCfg = Debug|iPhoneSimulator
		{B91178B4-44AB-4565-A47A-F0F954893CD2}.Debug|iPhoneSimulator.Build.0 = Debug|iPhoneSimulator
		{B91178B4-44AB-4565-A47A-F0F954893CD2}.Debug|x64.ActiveCfg = Debug|iPhone
		{B91178B4-44AB-4565-A47A-F0F954893CD2}.Debug|x86.ActiveCfg = Debug|iPhone
		{B91178B4-44AB-4565-A47A-F0F954893CD2}.Release|Any CPU.ActiveCfg = Release|iPhone
		{B91178B4-44AB-4565-A47A-F0F954893CD2}.Release|ARM.ActiveCfg = Release|iPhone
		{B91178B4-44AB-4565-A47A-F0F954893CD2}.Release|iPhone.ActiveCfg = Release|iPhone
		{B91178B4-44AB-4565-A47A-F0F954893CD2}.Release|iPhone.Build.0 = Release|iPhone
		{B91178B4-44AB-4565-A47A-F0F954893CD2}.Release|iPhoneSimulator.ActiveCfg = Release|iPhoneSimulator
		{B91178B4-44AB-4565-A47A-F0F954893CD2}.Release|iPhoneSimulator.Build.0 = Release|iPhoneSimulator
		{B91178B4-44AB-4565-A47A-F0F954893CD2}.Release|x64.ActiveCfg = Release|iPhone
		{B91178B4-44AB-4565-A47A-F0F954893CD2}.Release|x86.ActiveCfg = Release|iPhone
		{C0E16F28-A394-4118-BC81-C4BC767B32FC}.Debug|Any CPU.ActiveCfg = Debug|Any CPU
		{C0E16F28-A394-4118-BC81-C4BC767B32FC}.Debug|Any CPU.Build.0 = Debug|Any CPU
		{C0E16F28-A394-4118-BC81-C4BC767B32FC}.Debug|Any CPU.Deploy.0 = Debug|Any CPU
		{C0E16F28-A394-4118-BC81-C4BC767B32FC}.Debug|ARM.ActiveCfg = Debug|Any CPU
		{C0E16F28-A394-4118-BC81-C4BC767B32FC}.Debug|ARM.Build.0 = Debug|Any CPU
		{C0E16F28-A394-4118-BC81-C4BC767B32FC}.Debug|ARM.Deploy.0 = Debug|Any CPU
		{C0E16F28-A394-4118-BC81-C4BC767B32FC}.Debug|iPhone.ActiveCfg = Debug|Any CPU
		{C0E16F28-A394-4118-BC81-C4BC767B32FC}.Debug|iPhone.Build.0 = Debug|Any CPU
		{C0E16F28-A394-4118-BC81-C4BC767B32FC}.Debug|iPhone.Deploy.0 = Debug|Any CPU
		{C0E16F28-A394-4118-BC81-C4BC767B32FC}.Debug|iPhoneSimulator.ActiveCfg = Debug|Any CPU
		{C0E16F28-A394-4118-BC81-C4BC767B32FC}.Debug|iPhoneSimulator.Build.0 = Debug|Any CPU
		{C0E16F28-A394-4118-BC81-C4BC767B32FC}.Debug|iPhoneSimulator.Deploy.0 = Debug|Any CPU
		{C0E16F28-A394-4118-BC81-C4BC767B32FC}.Debug|x64.ActiveCfg = Debug|Any CPU
		{C0E16F28-A394-4118-BC81-C4BC767B32FC}.Debug|x64.Build.0 = Debug|Any CPU
		{C0E16F28-A394-4118-BC81-C4BC767B32FC}.Debug|x64.Deploy.0 = Debug|Any CPU
		{C0E16F28-A394-4118-BC81-C4BC767B32FC}.Debug|x86.ActiveCfg = Debug|Any CPU
		{C0E16F28-A394-4118-BC81-C4BC767B32FC}.Debug|x86.Build.0 = Debug|Any CPU
		{C0E16F28-A394-4118-BC81-C4BC767B32FC}.Debug|x86.Deploy.0 = Debug|Any CPU
		{C0E16F28-A394-4118-BC81-C4BC767B32FC}.Release|Any CPU.ActiveCfg = Release|Any CPU
		{C0E16F28-A394-4118-BC81-C4BC767B32FC}.Release|Any CPU.Build.0 = Release|Any CPU
		{C0E16F28-A394-4118-BC81-C4BC767B32FC}.Release|Any CPU.Deploy.0 = Release|Any CPU
		{C0E16F28-A394-4118-BC81-C4BC767B32FC}.Release|ARM.ActiveCfg = Release|Any CPU
		{C0E16F28-A394-4118-BC81-C4BC767B32FC}.Release|ARM.Build.0 = Release|Any CPU
		{C0E16F28-A394-4118-BC81-C4BC767B32FC}.Release|ARM.Deploy.0 = Release|Any CPU
		{C0E16F28-A394-4118-BC81-C4BC767B32FC}.Release|iPhone.ActiveCfg = Release|Any CPU
		{C0E16F28-A394-4118-BC81-C4BC767B32FC}.Release|iPhone.Build.0 = Release|Any CPU
		{C0E16F28-A394-4118-BC81-C4BC767B32FC}.Release|iPhone.Deploy.0 = Release|Any CPU
		{C0E16F28-A394-4118-BC81-C4BC767B32FC}.Release|iPhoneSimulator.ActiveCfg = Release|Any CPU
		{C0E16F28-A394-4118-BC81-C4BC767B32FC}.Release|iPhoneSimulator.Build.0 = Release|Any CPU
		{C0E16F28-A394-4118-BC81-C4BC767B32FC}.Release|iPhoneSimulator.Deploy.0 = Release|Any CPU
		{C0E16F28-A394-4118-BC81-C4BC767B32FC}.Release|x64.ActiveCfg = Release|Any CPU
		{C0E16F28-A394-4118-BC81-C4BC767B32FC}.Release|x64.Build.0 = Release|Any CPU
		{C0E16F28-A394-4118-BC81-C4BC767B32FC}.Release|x64.Deploy.0 = Release|Any CPU
		{C0E16F28-A394-4118-BC81-C4BC767B32FC}.Release|x86.ActiveCfg = Release|Any CPU
		{C0E16F28-A394-4118-BC81-C4BC767B32FC}.Release|x86.Build.0 = Release|Any CPU
		{C0E16F28-A394-4118-BC81-C4BC767B32FC}.Release|x86.Deploy.0 = Release|Any CPU
		{FD152B11-5B90-42EE-BC0D-CEF4DECC2ECA}.Debug|Any CPU.ActiveCfg = Debug|x86
		{FD152B11-5B90-42EE-BC0D-CEF4DECC2ECA}.Debug|ARM.ActiveCfg = Debug|ARM
		{FD152B11-5B90-42EE-BC0D-CEF4DECC2ECA}.Debug|ARM.Build.0 = Debug|ARM
		{FD152B11-5B90-42EE-BC0D-CEF4DECC2ECA}.Debug|ARM.Deploy.0 = Debug|ARM
		{FD152B11-5B90-42EE-BC0D-CEF4DECC2ECA}.Debug|iPhone.ActiveCfg = Debug|x86
		{FD152B11-5B90-42EE-BC0D-CEF4DECC2ECA}.Debug|iPhoneSimulator.ActiveCfg = Debug|x86
		{FD152B11-5B90-42EE-BC0D-CEF4DECC2ECA}.Debug|x64.ActiveCfg = Debug|x64
		{FD152B11-5B90-42EE-BC0D-CEF4DECC2ECA}.Debug|x64.Build.0 = Debug|x64
		{FD152B11-5B90-42EE-BC0D-CEF4DECC2ECA}.Debug|x64.Deploy.0 = Debug|x64
		{FD152B11-5B90-42EE-BC0D-CEF4DECC2ECA}.Debug|x86.ActiveCfg = Debug|x86
		{FD152B11-5B90-42EE-BC0D-CEF4DECC2ECA}.Debug|x86.Build.0 = Debug|x86
		{FD152B11-5B90-42EE-BC0D-CEF4DECC2ECA}.Debug|x86.Deploy.0 = Debug|x86
		{FD152B11-5B90-42EE-BC0D-CEF4DECC2ECA}.Release|Any CPU.ActiveCfg = Release|x86
		{FD152B11-5B90-42EE-BC0D-CEF4DECC2ECA}.Release|ARM.ActiveCfg = Release|ARM
		{FD152B11-5B90-42EE-BC0D-CEF4DECC2ECA}.Release|ARM.Build.0 = Release|ARM
		{FD152B11-5B90-42EE-BC0D-CEF4DECC2ECA}.Release|ARM.Deploy.0 = Release|ARM
		{FD152B11-5B90-42EE-BC0D-CEF4DECC2ECA}.Release|iPhone.ActiveCfg = Release|x86
		{FD152B11-5B90-42EE-BC0D-CEF4DECC2ECA}.Release|iPhoneSimulator.ActiveCfg = Release|x86
		{FD152B11-5B90-42EE-BC0D-CEF4DECC2ECA}.Release|x64.ActiveCfg = Release|x64
		{FD152B11-5B90-42EE-BC0D-CEF4DECC2ECA}.Release|x64.Build.0 = Release|x64
		{FD152B11-5B90-42EE-BC0D-CEF4DECC2ECA}.Release|x64.Deploy.0 = Release|x64
		{FD152B11-5B90-42EE-BC0D-CEF4DECC2ECA}.Release|x86.ActiveCfg = Release|x86
		{FD152B11-5B90-42EE-BC0D-CEF4DECC2ECA}.Release|x86.Build.0 = Release|x86
		{FD152B11-5B90-42EE-BC0D-CEF4DECC2ECA}.Release|x86.Deploy.0 = Release|x86
	EndGlobalSection
	GlobalSection(SolutionProperties) = preSolution
		HideSolutionNode = FALSE
	EndGlobalSection
	GlobalSection(ExtensibilityGlobals) = postSolution
		SolutionGuid = {045F8064-C154-4924-B39D-AE45BCE743E5}
	EndGlobalSection
EndGlobal
