
Microsoft Visual Studio Solution File, Format Version 12.00
# Visual Studio 15
VisualStudioVersion = 15.0.27130.2020
MinimumVisualStudioVersion = 10.0.40219.1
Project("{FAE04EC0-301F-11D3-BF4B-00C04F79EFBC}") = "NottCS.Android", "NottCS\NottCS.Android\NottCS.Android.csproj", "{C8742B74-5A2F-459B-A6C6-F6F792663D57}"
	ProjectSection(ProjectDependencies) = postProject
		{3DD5D3FD-391F-4E0F-BC6F-7FF69A5FBD14} = {3DD5D3FD-391F-4E0F-BC6F-7FF69A5FBD14}
	EndProjectSection
EndProject
Project("{FAE04EC0-301F-11D3-BF4B-00C04F79EFBC}") = "NottCS.iOS", "NottCS\NottCS.iOS\NottCS.iOS.csproj", "{BF73DABD-AA5A-48D0-8045-9EAC431934FE}"
EndProject
Project("{FAE04EC0-301F-11D3-BF4B-00C04F79EFBC}") = "NottCS.UWP", "NottCS\NottCS.UWP\NottCS.UWP.csproj", "{D12A82C2-995D-4671-AB68-39241FF799E8}"
	ProjectSection(ProjectDependencies) = postProject
		{3DD5D3FD-391F-4E0F-BC6F-7FF69A5FBD14} = {3DD5D3FD-391F-4E0F-BC6F-7FF69A5FBD14}
	EndProjectSection
EndProject
Project("{9A19103F-16F7-4668-BE54-9A1E7A4F7556}") = "NottCS", "NottCS\NottCS\NottCS.csproj", "{3DD5D3FD-391F-4E0F-BC6F-7FF69A5FBD14}"
EndProject
Project("{9A19103F-16F7-4668-BE54-9A1E7A4F7556}") = "NottCSTest", "NottCS\NottCSTest\NottCSTest.csproj", "{9426560E-FF84-45FD-8FCA-77B26C0BC07E}"
EndProject
Global
	GlobalSection(SolutionConfigurationPlatforms) = preSolution
		Ad-Hoc|Any CPU = Ad-Hoc|Any CPU
		Ad-Hoc|ARM = Ad-Hoc|ARM
		Ad-Hoc|iPhone = Ad-Hoc|iPhone
		Ad-Hoc|iPhoneSimulator = Ad-Hoc|iPhoneSimulator
		Ad-Hoc|x64 = Ad-Hoc|x64
		Ad-Hoc|x86 = Ad-Hoc|x86
		AppStore|Any CPU = AppStore|Any CPU
		AppStore|ARM = AppStore|ARM
		AppStore|iPhone = AppStore|iPhone
		AppStore|iPhoneSimulator = AppStore|iPhoneSimulator
		AppStore|x64 = AppStore|x64
		AppStore|x86 = AppStore|x86
		Debug|Any CPU = Debug|Any CPU
		Debug|ARM = Debug|ARM
		Debug|iPhone = Debug|iPhone
		Debug|iPhoneSimulator = Debug|iPhoneSimulator
		Debug|x64 = Debug|x64
		Debug|x86 = Debug|x86
		Release|Any CPU = Release|Any CPU
		Release|ARM = Release|ARM
		Release|iPhone = Release|iPhone
		Release|iPhoneSimulator = Release|iPhoneSimulator
		Release|x64 = Release|x64
		Release|x86 = Release|x86
	EndGlobalSection
	GlobalSection(ProjectConfigurationPlatforms) = postSolution
		{C8742B74-5A2F-459B-A6C6-F6F792663D57}.Ad-Hoc|Any CPU.ActiveCfg = Release|Any CPU
		{C8742B74-5A2F-459B-A6C6-F6F792663D57}.Ad-Hoc|Any CPU.Build.0 = Release|Any CPU
		{C8742B74-5A2F-459B-A6C6-F6F792663D57}.Ad-Hoc|Any CPU.Deploy.0 = Release|Any CPU
		{C8742B74-5A2F-459B-A6C6-F6F792663D57}.Ad-Hoc|ARM.ActiveCfg = Release|Any CPU
		{C8742B74-5A2F-459B-A6C6-F6F792663D57}.Ad-Hoc|ARM.Build.0 = Release|Any CPU
		{C8742B74-5A2F-459B-A6C6-F6F792663D57}.Ad-Hoc|ARM.Deploy.0 = Release|Any CPU
		{C8742B74-5A2F-459B-A6C6-F6F792663D57}.Ad-Hoc|iPhone.ActiveCfg = Release|Any CPU
		{C8742B74-5A2F-459B-A6C6-F6F792663D57}.Ad-Hoc|iPhone.Build.0 = Release|Any CPU
		{C8742B74-5A2F-459B-A6C6-F6F792663D57}.Ad-Hoc|iPhone.Deploy.0 = Release|Any CPU
		{C8742B74-5A2F-459B-A6C6-F6F792663D57}.Ad-Hoc|iPhoneSimulator.ActiveCfg = Release|Any CPU
		{C8742B74-5A2F-459B-A6C6-F6F792663D57}.Ad-Hoc|iPhoneSimulator.Build.0 = Release|Any CPU
		{C8742B74-5A2F-459B-A6C6-F6F792663D57}.Ad-Hoc|iPhoneSimulator.Deploy.0 = Release|Any CPU
		{C8742B74-5A2F-459B-A6C6-F6F792663D57}.Ad-Hoc|x64.ActiveCfg = Release|Any CPU
		{C8742B74-5A2F-459B-A6C6-F6F792663D57}.Ad-Hoc|x64.Build.0 = Release|Any CPU
		{C8742B74-5A2F-459B-A6C6-F6F792663D57}.Ad-Hoc|x64.Deploy.0 = Release|Any CPU
		{C8742B74-5A2F-459B-A6C6-F6F792663D57}.Ad-Hoc|x86.ActiveCfg = Release|Any CPU
		{C8742B74-5A2F-459B-A6C6-F6F792663D57}.Ad-Hoc|x86.Build.0 = Release|Any CPU
		{C8742B74-5A2F-459B-A6C6-F6F792663D57}.Ad-Hoc|x86.Deploy.0 = Release|Any CPU
		{C8742B74-5A2F-459B-A6C6-F6F792663D57}.AppStore|Any CPU.ActiveCfg = Release|Any CPU
		{C8742B74-5A2F-459B-A6C6-F6F792663D57}.AppStore|Any CPU.Build.0 = Release|Any CPU
		{C8742B74-5A2F-459B-A6C6-F6F792663D57}.AppStore|Any CPU.Deploy.0 = Release|Any CPU
		{C8742B74-5A2F-459B-A6C6-F6F792663D57}.AppStore|ARM.ActiveCfg = Release|Any CPU
		{C8742B74-5A2F-459B-A6C6-F6F792663D57}.AppStore|ARM.Build.0 = Release|Any CPU
		{C8742B74-5A2F-459B-A6C6-F6F792663D57}.AppStore|ARM.Deploy.0 = Release|Any CPU
		{C8742B74-5A2F-459B-A6C6-F6F792663D57}.AppStore|iPhone.ActiveCfg = Release|Any CPU
		{C8742B74-5A2F-459B-A6C6-F6F792663D57}.AppStore|iPhone.Build.0 = Release|Any CPU
		{C8742B74-5A2F-459B-A6C6-F6F792663D57}.AppStore|iPhone.Deploy.0 = Release|Any CPU
		{C8742B74-5A2F-459B-A6C6-F6F792663D57}.AppStore|iPhoneSimulator.ActiveCfg = Release|Any CPU
		{C8742B74-5A2F-459B-A6C6-F6F792663D57}.AppStore|iPhoneSimulator.Build.0 = Release|Any CPU
		{C8742B74-5A2F-459B-A6C6-F6F792663D57}.AppStore|iPhoneSimulator.Deploy.0 = Release|Any CPU
		{C8742B74-5A2F-459B-A6C6-F6F792663D57}.AppStore|x64.ActiveCfg = Release|Any CPU
		{C8742B74-5A2F-459B-A6C6-F6F792663D57}.AppStore|x64.Build.0 = Release|Any CPU
		{C8742B74-5A2F-459B-A6C6-F6F792663D57}.AppStore|x64.Deploy.0 = Release|Any CPU
		{C8742B74-5A2F-459B-A6C6-F6F792663D57}.AppStore|x86.ActiveCfg = Release|Any CPU
		{C8742B74-5A2F-459B-A6C6-F6F792663D57}.AppStore|x86.Build.0 = Release|Any CPU
		{C8742B74-5A2F-459B-A6C6-F6F792663D57}.AppStore|x86.Deploy.0 = Release|Any CPU
		{C8742B74-5A2F-459B-A6C6-F6F792663D57}.Debug|Any CPU.ActiveCfg = Debug|Any CPU
		{C8742B74-5A2F-459B-A6C6-F6F792663D57}.Debug|Any CPU.Build.0 = Debug|Any CPU
		{C8742B74-5A2F-459B-A6C6-F6F792663D57}.Debug|Any CPU.Deploy.0 = Debug|Any CPU
		{C8742B74-5A2F-459B-A6C6-F6F792663D57}.Debug|ARM.ActiveCfg = Debug|Any CPU
		{C8742B74-5A2F-459B-A6C6-F6F792663D57}.Debug|ARM.Build.0 = Debug|Any CPU
		{C8742B74-5A2F-459B-A6C6-F6F792663D57}.Debug|ARM.Deploy.0 = Debug|Any CPU
		{C8742B74-5A2F-459B-A6C6-F6F792663D57}.Debug|iPhone.ActiveCfg = Debug|Any CPU
		{C8742B74-5A2F-459B-A6C6-F6F792663D57}.Debug|iPhone.Build.0 = Debug|Any CPU
		{C8742B74-5A2F-459B-A6C6-F6F792663D57}.Debug|iPhone.Deploy.0 = Debug|Any CPU
		{C8742B74-5A2F-459B-A6C6-F6F792663D57}.Debug|iPhoneSimulator.ActiveCfg = Debug|Any CPU
		{C8742B74-5A2F-459B-A6C6-F6F792663D57}.Debug|iPhoneSimulator.Build.0 = Debug|Any CPU
		{C8742B74-5A2F-459B-A6C6-F6F792663D57}.Debug|iPhoneSimulator.Deploy.0 = Debug|Any CPU
		{C8742B74-5A2F-459B-A6C6-F6F792663D57}.Debug|x64.ActiveCfg = Debug|Any CPU
		{C8742B74-5A2F-459B-A6C6-F6F792663D57}.Debug|x64.Build.0 = Debug|Any CPU
		{C8742B74-5A2F-459B-A6C6-F6F792663D57}.Debug|x64.Deploy.0 = Debug|Any CPU
		{C8742B74-5A2F-459B-A6C6-F6F792663D57}.Debug|x86.ActiveCfg = Debug|Any CPU
		{C8742B74-5A2F-459B-A6C6-F6F792663D57}.Debug|x86.Build.0 = Debug|Any CPU
		{C8742B74-5A2F-459B-A6C6-F6F792663D57}.Debug|x86.Deploy.0 = Debug|Any CPU
		{C8742B74-5A2F-459B-A6C6-F6F792663D57}.Release|Any CPU.ActiveCfg = Release|Any CPU
		{C8742B74-5A2F-459B-A6C6-F6F792663D57}.Release|Any CPU.Build.0 = Release|Any CPU
		{C8742B74-5A2F-459B-A6C6-F6F792663D57}.Release|Any CPU.Deploy.0 = Release|Any CPU
		{C8742B74-5A2F-459B-A6C6-F6F792663D57}.Release|ARM.ActiveCfg = Release|Any CPU
		{C8742B74-5A2F-459B-A6C6-F6F792663D57}.Release|ARM.Build.0 = Release|Any CPU
		{C8742B74-5A2F-459B-A6C6-F6F792663D57}.Release|ARM.Deploy.0 = Release|Any CPU
		{C8742B74-5A2F-459B-A6C6-F6F792663D57}.Release|iPhone.ActiveCfg = Release|Any CPU
		{C8742B74-5A2F-459B-A6C6-F6F792663D57}.Release|iPhone.Build.0 = Release|Any CPU
		{C8742B74-5A2F-459B-A6C6-F6F792663D57}.Release|iPhone.Deploy.0 = Release|Any CPU
		{C8742B74-5A2F-459B-A6C6-F6F792663D57}.Release|iPhoneSimulator.ActiveCfg = Release|Any CPU
		{C8742B74-5A2F-459B-A6C6-F6F792663D57}.Release|iPhoneSimulator.Build.0 = Release|Any CPU
		{C8742B74-5A2F-459B-A6C6-F6F792663D57}.Release|iPhoneSimulator.Deploy.0 = Release|Any CPU
		{C8742B74-5A2F-459B-A6C6-F6F792663D57}.Release|x64.ActiveCfg = Release|Any CPU
		{C8742B74-5A2F-459B-A6C6-F6F792663D57}.Release|x64.Build.0 = Release|Any CPU
		{C8742B74-5A2F-459B-A6C6-F6F792663D57}.Release|x64.Deploy.0 = Release|Any CPU
		{C8742B74-5A2F-459B-A6C6-F6F792663D57}.Release|x86.ActiveCfg = Release|Any CPU
		{C8742B74-5A2F-459B-A6C6-F6F792663D57}.Release|x86.Build.0 = Release|Any CPU
		{C8742B74-5A2F-459B-A6C6-F6F792663D57}.Release|x86.Deploy.0 = Release|Any CPU
		{BF73DABD-AA5A-48D0-8045-9EAC431934FE}.Ad-Hoc|Any CPU.ActiveCfg = Ad-Hoc|iPhone
		{BF73DABD-AA5A-48D0-8045-9EAC431934FE}.Ad-Hoc|ARM.ActiveCfg = Ad-Hoc|iPhone
		{BF73DABD-AA5A-48D0-8045-9EAC431934FE}.Ad-Hoc|iPhone.ActiveCfg = Ad-Hoc|iPhone
		{BF73DABD-AA5A-48D0-8045-9EAC431934FE}.Ad-Hoc|iPhone.Build.0 = Ad-Hoc|iPhone
		{BF73DABD-AA5A-48D0-8045-9EAC431934FE}.Ad-Hoc|iPhoneSimulator.ActiveCfg = Ad-Hoc|iPhoneSimulator
		{BF73DABD-AA5A-48D0-8045-9EAC431934FE}.Ad-Hoc|iPhoneSimulator.Build.0 = Ad-Hoc|iPhoneSimulator
		{BF73DABD-AA5A-48D0-8045-9EAC431934FE}.Ad-Hoc|x64.ActiveCfg = Ad-Hoc|iPhone
		{BF73DABD-AA5A-48D0-8045-9EAC431934FE}.Ad-Hoc|x86.ActiveCfg = Ad-Hoc|iPhone
		{BF73DABD-AA5A-48D0-8045-9EAC431934FE}.AppStore|Any CPU.ActiveCfg = AppStore|iPhone
		{BF73DABD-AA5A-48D0-8045-9EAC431934FE}.AppStore|ARM.ActiveCfg = AppStore|iPhone
		{BF73DABD-AA5A-48D0-8045-9EAC431934FE}.AppStore|iPhone.ActiveCfg = AppStore|iPhone
		{BF73DABD-AA5A-48D0-8045-9EAC431934FE}.AppStore|iPhone.Build.0 = AppStore|iPhone
		{BF73DABD-AA5A-48D0-8045-9EAC431934FE}.AppStore|iPhoneSimulator.ActiveCfg = AppStore|iPhoneSimulator
		{BF73DABD-AA5A-48D0-8045-9EAC431934FE}.AppStore|iPhoneSimulator.Build.0 = AppStore|iPhoneSimulator
		{BF73DABD-AA5A-48D0-8045-9EAC431934FE}.AppStore|x64.ActiveCfg = AppStore|iPhone
		{BF73DABD-AA5A-48D0-8045-9EAC431934FE}.AppStore|x86.ActiveCfg = AppStore|iPhone
		{BF73DABD-AA5A-48D0-8045-9EAC431934FE}.Debug|Any CPU.ActiveCfg = Debug|iPhone
		{BF73DABD-AA5A-48D0-8045-9EAC431934FE}.Debug|ARM.ActiveCfg = Debug|iPhone
		{BF73DABD-AA5A-48D0-8045-9EAC431934FE}.Debug|iPhone.ActiveCfg = Debug|iPhone
		{BF73DABD-AA5A-48D0-8045-9EAC431934FE}.Debug|iPhone.Build.0 = Debug|iPhone
		{BF73DABD-AA5A-48D0-8045-9EAC431934FE}.Debug|iPhoneSimulator.ActiveCfg = Debug|iPhoneSimulator
		{BF73DABD-AA5A-48D0-8045-9EAC431934FE}.Debug|iPhoneSimulator.Build.0 = Debug|iPhoneSimulator
		{BF73DABD-AA5A-48D0-8045-9EAC431934FE}.Debug|x64.ActiveCfg = Debug|iPhone
		{BF73DABD-AA5A-48D0-8045-9EAC431934FE}.Debug|x86.ActiveCfg = Debug|iPhoneSimulator
		{BF73DABD-AA5A-48D0-8045-9EAC431934FE}.Debug|x86.Build.0 = Debug|iPhoneSimulator
		{BF73DABD-AA5A-48D0-8045-9EAC431934FE}.Release|Any CPU.ActiveCfg = Release|iPhone
		{BF73DABD-AA5A-48D0-8045-9EAC431934FE}.Release|ARM.ActiveCfg = Release|iPhone
		{BF73DABD-AA5A-48D0-8045-9EAC431934FE}.Release|iPhone.ActiveCfg = Release|iPhone
		{BF73DABD-AA5A-48D0-8045-9EAC431934FE}.Release|iPhone.Build.0 = Release|iPhone
		{BF73DABD-AA5A-48D0-8045-9EAC431934FE}.Release|iPhoneSimulator.ActiveCfg = Release|iPhoneSimulator
		{BF73DABD-AA5A-48D0-8045-9EAC431934FE}.Release|iPhoneSimulator.Build.0 = Release|iPhoneSimulator
		{BF73DABD-AA5A-48D0-8045-9EAC431934FE}.Release|x64.ActiveCfg = Release|iPhone
		{BF73DABD-AA5A-48D0-8045-9EAC431934FE}.Release|x86.ActiveCfg = Release|iPhone
		{D12A82C2-995D-4671-AB68-39241FF799E8}.Ad-Hoc|Any CPU.ActiveCfg = Release|x86
		{D12A82C2-995D-4671-AB68-39241FF799E8}.Ad-Hoc|Any CPU.Build.0 = Release|x86
		{D12A82C2-995D-4671-AB68-39241FF799E8}.Ad-Hoc|Any CPU.Deploy.0 = Release|x86
		{D12A82C2-995D-4671-AB68-39241FF799E8}.Ad-Hoc|ARM.ActiveCfg = Release|ARM
		{D12A82C2-995D-4671-AB68-39241FF799E8}.Ad-Hoc|ARM.Build.0 = Release|ARM
		{D12A82C2-995D-4671-AB68-39241FF799E8}.Ad-Hoc|ARM.Deploy.0 = Release|ARM
		{D12A82C2-995D-4671-AB68-39241FF799E8}.Ad-Hoc|iPhone.ActiveCfg = Release|x86
		{D12A82C2-995D-4671-AB68-39241FF799E8}.Ad-Hoc|iPhone.Build.0 = Release|x86
		{D12A82C2-995D-4671-AB68-39241FF799E8}.Ad-Hoc|iPhone.Deploy.0 = Release|x86
		{D12A82C2-995D-4671-AB68-39241FF799E8}.Ad-Hoc|iPhoneSimulator.ActiveCfg = Release|x86
		{D12A82C2-995D-4671-AB68-39241FF799E8}.Ad-Hoc|iPhoneSimulator.Build.0 = Release|x86
		{D12A82C2-995D-4671-AB68-39241FF799E8}.Ad-Hoc|iPhoneSimulator.Deploy.0 = Release|x86
		{D12A82C2-995D-4671-AB68-39241FF799E8}.Ad-Hoc|x64.ActiveCfg = Release|x64
		{D12A82C2-995D-4671-AB68-39241FF799E8}.Ad-Hoc|x64.Build.0 = Release|x64
		{D12A82C2-995D-4671-AB68-39241FF799E8}.Ad-Hoc|x64.Deploy.0 = Release|x64
		{D12A82C2-995D-4671-AB68-39241FF799E8}.Ad-Hoc|x86.ActiveCfg = Release|x86
		{D12A82C2-995D-4671-AB68-39241FF799E8}.Ad-Hoc|x86.Build.0 = Release|x86
		{D12A82C2-995D-4671-AB68-39241FF799E8}.Ad-Hoc|x86.Deploy.0 = Release|x86
		{D12A82C2-995D-4671-AB68-39241FF799E8}.AppStore|Any CPU.ActiveCfg = Release|x86
		{D12A82C2-995D-4671-AB68-39241FF799E8}.AppStore|Any CPU.Build.0 = Release|x86
		{D12A82C2-995D-4671-AB68-39241FF799E8}.AppStore|Any CPU.Deploy.0 = Release|x86
		{D12A82C2-995D-4671-AB68-39241FF799E8}.AppStore|ARM.ActiveCfg = Release|ARM
		{D12A82C2-995D-4671-AB68-39241FF799E8}.AppStore|ARM.Build.0 = Release|ARM
		{D12A82C2-995D-4671-AB68-39241FF799E8}.AppStore|ARM.Deploy.0 = Release|ARM
		{D12A82C2-995D-4671-AB68-39241FF799E8}.AppStore|iPhone.ActiveCfg = Release|x86
		{D12A82C2-995D-4671-AB68-39241FF799E8}.AppStore|iPhone.Build.0 = Release|x86
		{D12A82C2-995D-4671-AB68-39241FF799E8}.AppStore|iPhone.Deploy.0 = Release|x86
		{D12A82C2-995D-4671-AB68-39241FF799E8}.AppStore|iPhoneSimulator.ActiveCfg = Release|x86
		{D12A82C2-995D-4671-AB68-39241FF799E8}.AppStore|iPhoneSimulator.Build.0 = Release|x86
		{D12A82C2-995D-4671-AB68-39241FF799E8}.AppStore|iPhoneSimulator.Deploy.0 = Release|x86
		{D12A82C2-995D-4671-AB68-39241FF799E8}.AppStore|x64.ActiveCfg = Release|x64
		{D12A82C2-995D-4671-AB68-39241FF799E8}.AppStore|x64.Build.0 = Release|x64
		{D12A82C2-995D-4671-AB68-39241FF799E8}.AppStore|x64.Deploy.0 = Release|x64
		{D12A82C2-995D-4671-AB68-39241FF799E8}.AppStore|x86.ActiveCfg = Release|x86
		{D12A82C2-995D-4671-AB68-39241FF799E8}.AppStore|x86.Build.0 = Release|x86
		{D12A82C2-995D-4671-AB68-39241FF799E8}.AppStore|x86.Deploy.0 = Release|x86
		{D12A82C2-995D-4671-AB68-39241FF799E8}.Debug|Any CPU.ActiveCfg = Debug|x86
		{D12A82C2-995D-4671-AB68-39241FF799E8}.Debug|ARM.ActiveCfg = Debug|ARM
		{D12A82C2-995D-4671-AB68-39241FF799E8}.Debug|ARM.Build.0 = Debug|ARM
		{D12A82C2-995D-4671-AB68-39241FF799E8}.Debug|ARM.Deploy.0 = Debug|ARM
		{D12A82C2-995D-4671-AB68-39241FF799E8}.Debug|iPhone.ActiveCfg = Debug|x86
		{D12A82C2-995D-4671-AB68-39241FF799E8}.Debug|iPhoneSimulator.ActiveCfg = Debug|x86
		{D12A82C2-995D-4671-AB68-39241FF799E8}.Debug|x64.ActiveCfg = Debug|x64
		{D12A82C2-995D-4671-AB68-39241FF799E8}.Debug|x64.Build.0 = Debug|x64
		{D12A82C2-995D-4671-AB68-39241FF799E8}.Debug|x64.Deploy.0 = Debug|x64
		{D12A82C2-995D-4671-AB68-39241FF799E8}.Debug|x86.ActiveCfg = Debug|x86
		{D12A82C2-995D-4671-AB68-39241FF799E8}.Debug|x86.Build.0 = Debug|x86
		{D12A82C2-995D-4671-AB68-39241FF799E8}.Debug|x86.Deploy.0 = Debug|x86
		{D12A82C2-995D-4671-AB68-39241FF799E8}.Release|Any CPU.ActiveCfg = Release|x86
		{D12A82C2-995D-4671-AB68-39241FF799E8}.Release|ARM.ActiveCfg = Release|ARM
		{D12A82C2-995D-4671-AB68-39241FF799E8}.Release|ARM.Build.0 = Release|ARM
		{D12A82C2-995D-4671-AB68-39241FF799E8}.Release|ARM.Deploy.0 = Release|ARM
		{D12A82C2-995D-4671-AB68-39241FF799E8}.Release|iPhone.ActiveCfg = Release|x86
		{D12A82C2-995D-4671-AB68-39241FF799E8}.Release|iPhoneSimulator.ActiveCfg = Release|x86
		{D12A82C2-995D-4671-AB68-39241FF799E8}.Release|x64.ActiveCfg = Release|x64
		{D12A82C2-995D-4671-AB68-39241FF799E8}.Release|x64.Build.0 = Release|x64
		{D12A82C2-995D-4671-AB68-39241FF799E8}.Release|x64.Deploy.0 = Release|x64
		{D12A82C2-995D-4671-AB68-39241FF799E8}.Release|x86.ActiveCfg = Release|x86
		{D12A82C2-995D-4671-AB68-39241FF799E8}.Release|x86.Build.0 = Release|x86
		{D12A82C2-995D-4671-AB68-39241FF799E8}.Release|x86.Deploy.0 = Release|x86
		{3DD5D3FD-391F-4E0F-BC6F-7FF69A5FBD14}.Ad-Hoc|Any CPU.ActiveCfg = Debug|Any CPU
		{3DD5D3FD-391F-4E0F-BC6F-7FF69A5FBD14}.Ad-Hoc|Any CPU.Build.0 = Debug|Any CPU
		{3DD5D3FD-391F-4E0F-BC6F-7FF69A5FBD14}.Ad-Hoc|ARM.ActiveCfg = Debug|Any CPU
		{3DD5D3FD-391F-4E0F-BC6F-7FF69A5FBD14}.Ad-Hoc|ARM.Build.0 = Debug|Any CPU
		{3DD5D3FD-391F-4E0F-BC6F-7FF69A5FBD14}.Ad-Hoc|iPhone.ActiveCfg = Debug|Any CPU
		{3DD5D3FD-391F-4E0F-BC6F-7FF69A5FBD14}.Ad-Hoc|iPhone.Build.0 = Debug|Any CPU
		{3DD5D3FD-391F-4E0F-BC6F-7FF69A5FBD14}.Ad-Hoc|iPhoneSimulator.ActiveCfg = Debug|Any CPU
		{3DD5D3FD-391F-4E0F-BC6F-7FF69A5FBD14}.Ad-Hoc|iPhoneSimulator.Build.0 = Debug|Any CPU
		{3DD5D3FD-391F-4E0F-BC6F-7FF69A5FBD14}.Ad-Hoc|x64.ActiveCfg = Debug|Any CPU
		{3DD5D3FD-391F-4E0F-BC6F-7FF69A5FBD14}.Ad-Hoc|x64.Build.0 = Debug|Any CPU
		{3DD5D3FD-391F-4E0F-BC6F-7FF69A5FBD14}.Ad-Hoc|x86.ActiveCfg = Debug|Any CPU
		{3DD5D3FD-391F-4E0F-BC6F-7FF69A5FBD14}.Ad-Hoc|x86.Build.0 = Debug|Any CPU
		{3DD5D3FD-391F-4E0F-BC6F-7FF69A5FBD14}.AppStore|Any CPU.ActiveCfg = Debug|Any CPU
		{3DD5D3FD-391F-4E0F-BC6F-7FF69A5FBD14}.AppStore|Any CPU.Build.0 = Debug|Any CPU
		{3DD5D3FD-391F-4E0F-BC6F-7FF69A5FBD14}.AppStore|ARM.ActiveCfg = Debug|Any CPU
		{3DD5D3FD-391F-4E0F-BC6F-7FF69A5FBD14}.AppStore|ARM.Build.0 = Debug|Any CPU
		{3DD5D3FD-391F-4E0F-BC6F-7FF69A5FBD14}.AppStore|iPhone.ActiveCfg = Debug|Any CPU
		{3DD5D3FD-391F-4E0F-BC6F-7FF69A5FBD14}.AppStore|iPhone.Build.0 = Debug|Any CPU
		{3DD5D3FD-391F-4E0F-BC6F-7FF69A5FBD14}.AppStore|iPhoneSimulator.ActiveCfg = Debug|Any CPU
		{3DD5D3FD-391F-4E0F-BC6F-7FF69A5FBD14}.AppStore|iPhoneSimulator.Build.0 = Debug|Any CPU
		{3DD5D3FD-391F-4E0F-BC6F-7FF69A5FBD14}.AppStore|x64.ActiveCfg = Debug|Any CPU
		{3DD5D3FD-391F-4E0F-BC6F-7FF69A5FBD14}.AppStore|x64.Build.0 = Debug|Any CPU
		{3DD5D3FD-391F-4E0F-BC6F-7FF69A5FBD14}.AppStore|x86.ActiveCfg = Debug|Any CPU
		{3DD5D3FD-391F-4E0F-BC6F-7FF69A5FBD14}.AppStore|x86.Build.0 = Debug|Any CPU
		{3DD5D3FD-391F-4E0F-BC6F-7FF69A5FBD14}.Debug|Any CPU.ActiveCfg = Debug|Any CPU
		{3DD5D3FD-391F-4E0F-BC6F-7FF69A5FBD14}.Debug|Any CPU.Build.0 = Debug|Any CPU
		{3DD5D3FD-391F-4E0F-BC6F-7FF69A5FBD14}.Debug|ARM.ActiveCfg = Debug|Any CPU
		{3DD5D3FD-391F-4E0F-BC6F-7FF69A5FBD14}.Debug|ARM.Build.0 = Debug|Any CPU
		{3DD5D3FD-391F-4E0F-BC6F-7FF69A5FBD14}.Debug|iPhone.ActiveCfg = Debug|Any CPU
		{3DD5D3FD-391F-4E0F-BC6F-7FF69A5FBD14}.Debug|iPhone.Build.0 = Debug|Any CPU
		{3DD5D3FD-391F-4E0F-BC6F-7FF69A5FBD14}.Debug|iPhoneSimulator.ActiveCfg = Debug|Any CPU
		{3DD5D3FD-391F-4E0F-BC6F-7FF69A5FBD14}.Debug|iPhoneSimulator.Build.0 = Debug|Any CPU
		{3DD5D3FD-391F-4E0F-BC6F-7FF69A5FBD14}.Debug|x64.ActiveCfg = Debug|Any CPU
		{3DD5D3FD-391F-4E0F-BC6F-7FF69A5FBD14}.Debug|x64.Build.0 = Debug|Any CPU
		{3DD5D3FD-391F-4E0F-BC6F-7FF69A5FBD14}.Debug|x86.ActiveCfg = Debug|Any CPU
		{3DD5D3FD-391F-4E0F-BC6F-7FF69A5FBD14}.Debug|x86.Build.0 = Debug|Any CPU
		{3DD5D3FD-391F-4E0F-BC6F-7FF69A5FBD14}.Release|Any CPU.ActiveCfg = Release|Any CPU
		{3DD5D3FD-391F-4E0F-BC6F-7FF69A5FBD14}.Release|Any CPU.Build.0 = Release|Any CPU
		{3DD5D3FD-391F-4E0F-BC6F-7FF69A5FBD14}.Release|ARM.ActiveCfg = Release|Any CPU
		{3DD5D3FD-391F-4E0F-BC6F-7FF69A5FBD14}.Release|ARM.Build.0 = Release|Any CPU
		{3DD5D3FD-391F-4E0F-BC6F-7FF69A5FBD14}.Release|iPhone.ActiveCfg = Release|Any CPU
		{3DD5D3FD-391F-4E0F-BC6F-7FF69A5FBD14}.Release|iPhone.Build.0 = Release|Any CPU
		{3DD5D3FD-391F-4E0F-BC6F-7FF69A5FBD14}.Release|iPhoneSimulator.ActiveCfg = Release|Any CPU
		{3DD5D3FD-391F-4E0F-BC6F-7FF69A5FBD14}.Release|iPhoneSimulator.Build.0 = Release|Any CPU
		{3DD5D3FD-391F-4E0F-BC6F-7FF69A5FBD14}.Release|x64.ActiveCfg = Release|Any CPU
		{3DD5D3FD-391F-4E0F-BC6F-7FF69A5FBD14}.Release|x64.Build.0 = Release|Any CPU
		{3DD5D3FD-391F-4E0F-BC6F-7FF69A5FBD14}.Release|x86.ActiveCfg = Release|Any CPU
		{3DD5D3FD-391F-4E0F-BC6F-7FF69A5FBD14}.Release|x86.Build.0 = Release|Any CPU
		{9426560E-FF84-45FD-8FCA-77B26C0BC07E}.Ad-Hoc|Any CPU.ActiveCfg = Debug|Any CPU
		{9426560E-FF84-45FD-8FCA-77B26C0BC07E}.Ad-Hoc|Any CPU.Build.0 = Debug|Any CPU
		{9426560E-FF84-45FD-8FCA-77B26C0BC07E}.Ad-Hoc|ARM.ActiveCfg = Debug|Any CPU
		{9426560E-FF84-45FD-8FCA-77B26C0BC07E}.Ad-Hoc|ARM.Build.0 = Debug|Any CPU
		{9426560E-FF84-45FD-8FCA-77B26C0BC07E}.Ad-Hoc|iPhone.ActiveCfg = Debug|Any CPU
		{9426560E-FF84-45FD-8FCA-77B26C0BC07E}.Ad-Hoc|iPhone.Build.0 = Debug|Any CPU
		{9426560E-FF84-45FD-8FCA-77B26C0BC07E}.Ad-Hoc|iPhoneSimulator.ActiveCfg = Debug|Any CPU
		{9426560E-FF84-45FD-8FCA-77B26C0BC07E}.Ad-Hoc|iPhoneSimulator.Build.0 = Debug|Any CPU
		{9426560E-FF84-45FD-8FCA-77B26C0BC07E}.Ad-Hoc|x64.ActiveCfg = Debug|Any CPU
		{9426560E-FF84-45FD-8FCA-77B26C0BC07E}.Ad-Hoc|x64.Build.0 = Debug|Any CPU
		{9426560E-FF84-45FD-8FCA-77B26C0BC07E}.Ad-Hoc|x86.ActiveCfg = Debug|Any CPU
		{9426560E-FF84-45FD-8FCA-77B26C0BC07E}.Ad-Hoc|x86.Build.0 = Debug|Any CPU
		{9426560E-FF84-45FD-8FCA-77B26C0BC07E}.AppStore|Any CPU.ActiveCfg = Debug|Any CPU
		{9426560E-FF84-45FD-8FCA-77B26C0BC07E}.AppStore|Any CPU.Build.0 = Debug|Any CPU
		{9426560E-FF84-45FD-8FCA-77B26C0BC07E}.AppStore|ARM.ActiveCfg = Debug|Any CPU
		{9426560E-FF84-45FD-8FCA-77B26C0BC07E}.AppStore|ARM.Build.0 = Debug|Any CPU
		{9426560E-FF84-45FD-8FCA-77B26C0BC07E}.AppStore|iPhone.ActiveCfg = Debug|Any CPU
		{9426560E-FF84-45FD-8FCA-77B26C0BC07E}.AppStore|iPhone.Build.0 = Debug|Any CPU
		{9426560E-FF84-45FD-8FCA-77B26C0BC07E}.AppStore|iPhoneSimulator.ActiveCfg = Debug|Any CPU
		{9426560E-FF84-45FD-8FCA-77B26C0BC07E}.AppStore|iPhoneSimulator.Build.0 = Debug|Any CPU
		{9426560E-FF84-45FD-8FCA-77B26C0BC07E}.AppStore|x64.ActiveCfg = Debug|Any CPU
		{9426560E-FF84-45FD-8FCA-77B26C0BC07E}.AppStore|x64.Build.0 = Debug|Any CPU
		{9426560E-FF84-45FD-8FCA-77B26C0BC07E}.AppStore|x86.ActiveCfg = Debug|Any CPU
		{9426560E-FF84-45FD-8FCA-77B26C0BC07E}.AppStore|x86.Build.0 = Debug|Any CPU
		{9426560E-FF84-45FD-8FCA-77B26C0BC07E}.Debug|Any CPU.ActiveCfg = Debug|Any CPU
		{9426560E-FF84-45FD-8FCA-77B26C0BC07E}.Debug|Any CPU.Build.0 = Debug|Any CPU
		{9426560E-FF84-45FD-8FCA-77B26C0BC07E}.Debug|ARM.ActiveCfg = Debug|Any CPU
		{9426560E-FF84-45FD-8FCA-77B26C0BC07E}.Debug|ARM.Build.0 = Debug|Any CPU
		{9426560E-FF84-45FD-8FCA-77B26C0BC07E}.Debug|iPhone.ActiveCfg = Debug|Any CPU
		{9426560E-FF84-45FD-8FCA-77B26C0BC07E}.Debug|iPhone.Build.0 = Debug|Any CPU
		{9426560E-FF84-45FD-8FCA-77B26C0BC07E}.Debug|iPhoneSimulator.ActiveCfg = Debug|Any CPU
		{9426560E-FF84-45FD-8FCA-77B26C0BC07E}.Debug|iPhoneSimulator.Build.0 = Debug|Any CPU
		{9426560E-FF84-45FD-8FCA-77B26C0BC07E}.Debug|x64.ActiveCfg = Debug|Any CPU
		{9426560E-FF84-45FD-8FCA-77B26C0BC07E}.Debug|x64.Build.0 = Debug|Any CPU
		{9426560E-FF84-45FD-8FCA-77B26C0BC07E}.Debug|x86.ActiveCfg = Debug|Any CPU
		{9426560E-FF84-45FD-8FCA-77B26C0BC07E}.Debug|x86.Build.0 = Debug|Any CPU
		{9426560E-FF84-45FD-8FCA-77B26C0BC07E}.Release|Any CPU.ActiveCfg = Release|Any CPU
		{9426560E-FF84-45FD-8FCA-77B26C0BC07E}.Release|Any CPU.Build.0 = Release|Any CPU
		{9426560E-FF84-45FD-8FCA-77B26C0BC07E}.Release|ARM.ActiveCfg = Release|Any CPU
		{9426560E-FF84-45FD-8FCA-77B26C0BC07E}.Release|ARM.Build.0 = Release|Any CPU
		{9426560E-FF84-45FD-8FCA-77B26C0BC07E}.Release|iPhone.ActiveCfg = Release|Any CPU
		{9426560E-FF84-45FD-8FCA-77B26C0BC07E}.Release|iPhone.Build.0 = Release|Any CPU
		{9426560E-FF84-45FD-8FCA-77B26C0BC07E}.Release|iPhoneSimulator.ActiveCfg = Release|Any CPU
		{9426560E-FF84-45FD-8FCA-77B26C0BC07E}.Release|iPhoneSimulator.Build.0 = Release|Any CPU
		{9426560E-FF84-45FD-8FCA-77B26C0BC07E}.Release|x64.ActiveCfg = Release|Any CPU
		{9426560E-FF84-45FD-8FCA-77B26C0BC07E}.Release|x64.Build.0 = Release|Any CPU
		{9426560E-FF84-45FD-8FCA-77B26C0BC07E}.Release|x86.ActiveCfg = Release|Any CPU
		{9426560E-FF84-45FD-8FCA-77B26C0BC07E}.Release|x86.Build.0 = Release|Any CPU
	EndGlobalSection
	GlobalSection(SolutionProperties) = preSolution
		HideSolutionNode = FALSE
	EndGlobalSection
	GlobalSection(ExtensibilityGlobals) = postSolution
		SolutionGuid = {9FC3061B-7EED-4A52-A57C-AFC9F2329F81}
	EndGlobalSection
EndGlobal
